{
  "name": "blockchain",
  "lockfileVersion": 2,
  "requires": true,
  "packages": {
    "": {
      "dependencies": {
        "@aws-crypto/sha256-js": "^2.0.2"
      }
    },
    "node_modules/@aws-crypto/sha256-js": {
      "version": "2.0.2",
      "resolved": "https://registry.npmjs.org/@aws-crypto/sha256-js/-/sha256-js-2.0.2.tgz",
      "integrity": "sha512-iXLdKH19qPmIC73fVCrHWCSYjN/sxaAvZ3jNNyw6FclmHyjLKg0f69WlC9KTnyElxCR5MO9SKaG00VwlJwyAkQ==",
      "dependencies": {
        "@aws-crypto/util": "^2.0.2",
        "@aws-sdk/types": "^3.110.0",
        "tslib": "^1.11.1"
      }
    },
    "node_modules/@aws-crypto/util": {
      "version": "2.0.2",
      "resolved": "https://registry.npmjs.org/@aws-crypto/util/-/util-2.0.2.tgz",
      "integrity": "sha512-Lgu5v/0e/BcrZ5m/IWqzPUf3UYFTy/PpeED+uc9SWUR1iZQL8XXbGQg10UfllwwBryO3hFF5dizK+78aoXC1eA==",
      "dependencies": {
        "@aws-sdk/types": "^3.110.0",
        "@aws-sdk/util-utf8-browser": "^3.0.0",
        "tslib": "^1.11.1"
      }
    },
    "node_modules/@aws-sdk/types": {
      "version": "3.171.0",
      "resolved": "https://registry.npmjs.org/@aws-sdk/types/-/types-3.171.0.tgz",
      "integrity": "sha512-Yv5Wn/pbjMBST2jPHWPczmVbOLq8yFQVRyy1zGfsg1ETn25nGPvGBwqOkWcuz229KAcdUvFdRV9xaQCN3Lbo+Q==",
      "engines": {
        "node": ">= 12.0.0"
      }
    },
    "node_modules/@aws-sdk/util-utf8-browser": {
      "version": "3.170.0",
      "resolved": "https://registry.npmjs.org/@aws-sdk/util-utf8-browser/-/util-utf8-browser-3.170.0.tgz",
      "integrity": "sha512-tJby9krepSwDsBK+KQF5ACacZQ4LH1Aheh5Dy0pghxsN/9IRw7kMWTumuRCnSntLFFphDD7GM494/Dvnl1UCLA==",
      "dependencies": {
        "tslib": "^2.3.1"
      }
    },
    "node_modules/@aws-sdk/util-utf8-browser/node_modules/tslib": {
      "version": "2.4.0",
      "resolved": "https://registry.npmjs.org/tslib/-/tslib-2.4.0.tgz",
      "integrity": "sha512-d6xOpEDfsi2CZVlPQzGeux8XMwLT9hssAsaPYExaQMuYskwb+x1x7J371tWlbBdWHroy99KnVB6qIkUbs5X3UQ=="
    },
    "node_modules/tslib": {
      "version": "1.14.1",
      "resolved": "https://registry.npmjs.org/tslib/-/tslib-1.14.1.tgz",
      "integrity": "sha512-Xni35NKzjgMrwevysHTCArtLDpPvye8zV/0E4EyYn43P7/7qvQwPh9BGkHewbMulVntbigmcT7rdX3BNo9wRJg=="
    }
  },
  "dependencies": {
    "@aws-crypto/sha256-js": {
      "version": "2.0.2",
      "resolved": "https://registry.npmjs.org/@aws-crypto/sha256-js/-/sha256-js-2.0.2.tgz",
      "integrity": "sha512-iXLdKH19qPmIC73fVCrHWCSYjN/sxaAvZ3jNNyw6FclmHyjLKg0f69WlC9KTnyElxCR5MO9SKaG00VwlJwyAkQ==",
      "requires": {
        "@aws-crypto/util": "^2.0.2",
        "@aws-sdk/types": "^3.110.0",
        "tslib": "^1.11.1"
      }
    },
    "@aws-crypto/util": {
      "version": "2.0.2",
      "resolved": "https://registry.npmjs.org/@aws-crypto/util/-/util-2.0.2.tgz",
      "integrity": "sha512-Lgu5v/0e/BcrZ5m/IWqzPUf3UYFTy/PpeED+uc9SWUR1iZQL8XXbGQg10UfllwwBryO3hFF5dizK+78aoXC1eA==",
      "requires": {
        "@aws-sdk/types": "^3.110.0",
        "@aws-sdk/util-utf8-browser": "^3.0.0",
        "tslib": "^1.11.1"
      }
    },
    "@aws-sdk/types": {
      "version": "3.171.0",
      "resolved": "https://registry.npmjs.org/@aws-sdk/types/-/types-3.171.0.tgz",
      "integrity": "sha512-Yv5Wn/pbjMBST2jPHWPczmVbOLq8yFQVRyy1zGfsg1ETn25nGPvGBwqOkWcuz229KAcdUvFdRV9xaQCN3Lbo+Q=="
    },
    "@aws-sdk/util-utf8-browser": {
      "version": "3.170.0",
      "resolved": "https://registry.npmjs.org/@aws-sdk/util-utf8-browser/-/util-utf8-browser-3.170.0.tgz",
      "integrity": "sha512-tJby9krepSwDsBK+KQF5ACacZQ4LH1Aheh5Dy0pghxsN/9IRw7kMWTumuRCnSntLFFphDD7GM494/Dvnl1UCLA==",
      "requires": {
        "tslib": "^2.3.1"
      },
      "dependencies": {
        "tslib": {
          "version": "2.4.0",
          "resolved": "https://registry.npmjs.org/tslib/-/tslib-2.4.0.tgz",
          "integrity": "sha512-d6xOpEDfsi2CZVlPQzGeux8XMwLT9hssAsaPYExaQMuYskwb+x1x7J371tWlbBdWHroy99KnVB6qIkUbs5X3UQ=="
        }
      }
    },
    "tslib": {
      "version": "1.14.1",
      "resolved": "https://registry.npmjs.org/tslib/-/tslib-1.14.1.tgz",
      "integrity": "sha512-Xni35NKzjgMrwevysHTCArtLDpPvye8zV/0E4EyYn43P7/7qvQwPh9BGkHewbMulVntbigmcT7rdX3BNo9wRJg=="
    }
  }
}
